
Microsoft Visual Studio Solution File, Format Version 12.00
# Visual Studio Version 17
VisualStudioVersion = 17.2.32616.157
MinimumVisualStudioVersion = 10.0.40219.1
Project("{FAE04EC0-301F-11D3-BF4B-00C04F79EFBC}") = "EGG-2.1.4", "EGG-2.1.4\EGG-2.1.4.csproj", "{099F1155-FDBB-4802-AE88-0490D8603AFC}"
EndProject
Global
	GlobalSection(SolutionConfigurationPlatforms) = preSolution
		Debug|Any CPU = Debug|Any CPU
		Release|Any CPU = Release|Any CPU
	EndGlobalSection
	GlobalSection(ProjectConfigurationPlatforms) = postSolution
		{099F1155-FDBB-4802-AE88-0490D8603AFC}.Debug|Any CPU.ActiveCfg = Debug|Any CPU
		{099F1155-FDBB-4802-AE88-0490D8603AFC}.Debug|Any CPU.Build.0 = Debug|Any CPU
		{099F1155-FDBB-4802-AE88-0490D8603AFC}.Release|Any CPU.ActiveCfg = Release|Any CPU
		{099F1155-FDBB-4802-AE88-0490D8603AFC}.Release|Any CPU.Build.0 = Release|Any CPU
	EndGlobalSection
	GlobalSection(SolutionProperties) = preSolution
		HideSolutionNode = FALSE
	EndGlobalSection
	GlobalSection(ExtensibilityGlobals) = postSolution
		SolutionGuid = {BB5E18AC-4C20-40D2-912A-C8B0492FF5E5}
	EndGlobalSection
EndGlobal
